// !$*UTF8*$!
{
	archiveVersion = 1;
	classes = {
	};
	objectVersion = 48;
	objects = {

/* Begin PBXBuildFile section */
		800D55A222F0F30C00848BBB /* AppDelegate.swift in Sources */ = {isa = PBXBuildFile; fileRef = 800D55A122F0F30C00848BBB /* AppDelegate.swift */; };
		800D55A422F0F30C00848BBB /* ViewController.swift in Sources */ = {isa = PBXBuildFile; fileRef = 800D55A322F0F30C00848BBB /* ViewController.swift */; };
		800D55A722F0F30C00848BBB /* Main.storyboard in Resources */ = {isa = PBXBuildFile; fileRef = 800D55A522F0F30C00848BBB /* Main.storyboard */; };
		800D55A922F0F30C00848BBB /* Assets.xcassets in Resources */ = {isa = PBXBuildFile; fileRef = 800D55A822F0F30C00848BBB /* Assets.xcassets */; };
		800D55AC22F0F30C00848BBB /* LaunchScreen.storyboard in Resources */ = {isa = PBXBuildFile; fileRef = 800D55AA22F0F30C00848BBB /* LaunchScreen.storyboard */; };
		808DA77A22F5DA7600E05ED8 /* Task.swift in Sources */ = {isa = PBXBuildFile; fileRef = 808DA77922F5DA7600E05ED8 /* Task.swift */; };
/* End PBXBuildFile section */

/* Begin PBXFileReference section */
		800D559E22F0F30B00848BBB /* Night Porter Application.app */ = {isa = PBXFileReference; explicitFileType = wrapper.application; includeInIndex = 0; path = "Night Porter Application.app"; sourceTree = BUILT_PRODUCTS_DIR; };
		800D55A122F0F30C00848BBB /* AppDelegate.swift */ = {isa = PBXFileReference; lastKnownFileType = sourcecode.swift; path = AppDelegate.swift; sourceTree = "<group>"; };
		800D55A322F0F30C00848BBB /* ViewController.swift */ = {isa = PBXFileReference; lastKnownFileType = sourcecode.swift; path = ViewController.swift; sourceTree = "<group>"; };
		800D55A622F0F30C00848BBB /* Base */ = {isa = PBXFileReference; lastKnownFileType = file.storyboard; name = Base; path = Base.lproj/Main.storyboard; sourceTree = "<group>"; };
		800D55A822F0F30C00848BBB /* Assets.xcassets */ = {isa = PBXFileReference; lastKnownFileType = folder.assetcatalog; path = Assets.xcassets; sourceTree = "<group>"; };
		800D55AB22F0F30C00848BBB /* Base */ = {isa = PBXFileReference; lastKnownFileType = file.storyboard; name = Base; path = Base.lproj/LaunchScreen.storyboard; sourceTree = "<group>"; };
		800D55AD22F0F30C00848BBB /* Info.plist */ = {isa = PBXFileReference; lastKnownFileType = text.plist.xml; path = Info.plist; sourceTree = "<group>"; };
		808DA77922F5DA7600E05ED8 /* Task.swift */ = {isa = PBXFileReference; lastKnownFileType = sourcecode.swift; path = Task.swift; sourceTree = "<group>"; };
/* End PBXFileReference section */

/* Begin PBXFrameworksBuildPhase section */
		800D559B22F0F30B00848BBB /* Frameworks */ = {
			isa = PBXFrameworksBuildPhase;
			buildActionMask = 2147483647;
			files = (
			);
			runOnlyForDeploymentPostprocessing = 0;
		};
/* End PBXFrameworksBuildPhase section */

/* Begin PBXGroup section */
		800D559522F0F30B00848BBB = {
			isa = PBXGroup;
			children = (
				800D55A022F0F30C00848BBB /* Night Porter Application */,
				800D559F22F0F30B00848BBB /* Products */,
			);
			sourceTree = "<group>";
		};
		800D559F22F0F30B00848BBB /* Products */ = {
			isa = PBXGroup;
			children = (
				800D559E22F0F30B00848BBB /* Night Porter Application.app */,
			);
			name = Products;
			sourceTree = "<group>";
		};
		800D55A022F0F30C00848BBB /* Night Porter Application */ = {
			isa = PBXGroup;
			children = (
				800D55A122F0F30C00848BBB /* AppDelegate.swift */,
				800D55A322F0F30C00848BBB /* ViewController.swift */,
				808DA77922F5DA7600E05ED8 /* Task.swift */,
				800D55A522F0F30C00848BBB /* Main.storyboard */,
				800D55A822F0F30C00848BBB /* Assets.xcassets */,
				800D55AA22F0F30C00848BBB /* LaunchScreen.storyboard */,
				800D55AD22F0F30C00848BBB /* Info.plist */,
			);
			path = "Night Porter Application";
			sourceTree = "<group>";
		};
/* End PBXGroup section */

/* Begin PBXNativeTarget section */
		800D559D22F0F30B00848BBB /* Night Porter Application */ = {
			isa = PBXNativeTarget;
			buildConfigurationList = 800D55B022F0F30C00848BBB /* Build configuration list for PBXNativeTarget "Night Porter Application" */;
			buildPhases = (
				800D559A22F0F30B00848BBB /* Sources */,
				800D559B22F0F30B00848BBB /* Frameworks */,
				800D559C22F0F30B00848BBB /* Resources */,
			);
			buildRules = (
			);
			dependencies = (
			);
			name = "Night Porter Application";
			productName = "Night Porter Table View";
			productReference = 800D559E22F0F30B00848BBB /* Night Porter Application.app */;
			productType = "com.apple.product-type.application";
		};
/* End PBXNativeTarget section */

/* Begin PBXProject section */
		800D559622F0F30B00848BBB /* Project object */ = {
			isa = PBXProject;
			attributes = {
				LastSwiftUpdateCheck = 0920;
				LastUpgradeCheck = 0920;
				ORGANIZATIONNAME = "Jaboree Muhammad";
				TargetAttributes = {
					800D559D22F0F30B00848BBB = {
						CreatedOnToolsVersion = 9.2;
						ProvisioningStyle = Automatic;
					};
				};
			};
			buildConfigurationList = 800D559922F0F30B00848BBB /* Build configuration list for PBXProject "Night Porter Application" */;
			compatibilityVersion = "Xcode 8.0";
			developmentRegion = en;
			hasScannedForEncodings = 0;
			knownRegions = (
				en,
				Base,
			);
			mainGroup = 800D559522F0F30B00848BBB;
			productRefGroup = 800D559F22F0F30B00848BBB /* Products */;
			projectDirPath = "";
			projectRoot = "";
			targets = (
				800D559D22F0F30B00848BBB /* Night Porter Application */,
			);
		};
/* End PBXProject section */

/* Begin PBXResourcesBuildPhase section */
		800D559C22F0F30B00848BBB /* Resources */ = {
			isa = PBXResourcesBuildPhase;
			buildActionMask = 2147483647;
			files = (
				800D55AC22F0F30C00848BBB /* LaunchScreen.storyboard in Resources */,
				800D55A922F0F30C00848BBB /* Assets.xcassets in Resources */,
				800D55A722F0F30C00848BBB /* Main.storyboard in Resources */,
			);
			runOnlyForDeploymentPostprocessing = 0;
		};
/* End PBXResourcesBuildPhase section */

/* Begin PBXSourcesBuildPhase section */
		800D559A22F0F30B00848BBB /* Sources */ = {
			isa = PBXSourcesBuildPhase;
			buildActionMask = 2147483647;
			files = (
				800D55A422F0F30C00848BBB /* ViewController.swift in Sources */,
				808DA77A22F5DA7600E05ED8 /* Task.swift in Sources */,
				800D55A222F0F30C00848BBB /* AppDelegate.swift in Sources */,
			);
			runOnlyForDeploymentPostprocessing = 0;
		};
/* End PBXSourcesBuildPhase section */

/* Begin PBXVariantGroup section */
		800D55A522F0F30C00848BBB /* Main.storyboard */ = {
			isa = PBXVariantGroup;
			children = (
				800D55A622F0F30C00848BBB /* Base */,
			);
			name = Main.storyboard;
			sourceTree = "<group>";
		};
		800D55AA22F0F30C00848BBB /* LaunchScreen.storyboard */ = {
			isa = PBXVariantGroup;
			children = (
				800D55AB22F0F30C00848BBB /* Base */,
			);
			name = LaunchScreen.storyboard;
			sourceTree = "<group>";
		};
/* End PBXVariantGroup section */

/* Begin XCBuildConfiguration section */
		800D55AE22F0F30C00848BBB /* Debug */ = {
			isa = XCBuildConfiguration;
			buildSettings = {
				ALWAYS_SEARCH_USER_PATHS = NO;
				CLANG_ANALYZER_NONNULL = YES;
				CLANG_ANALYZER_NUMBER_OBJECT_CONVERSION = YES_AGGRESSIVE;
				CLANG_CXX_LANGUAGE_STANDARD = "gnu++14";
				CLANG_CXX_LIBRARY = "libc++";
				CLANG_ENABLE_MODULES = YES;
				CLANG_ENABLE_OBJC_ARC = YES;
				CLANG_WARN_BLOCK_CAPTURE_AUTORELEASING = YES;
				CLANG_WARN_BOOL_CONVERSION = YES;
				CLANG_WARN_COMMA = YES;
				CLANG_WARN_CONSTANT_CONVERSION = YES;
				CLANG_WARN_DIRECT_OBJC_ISA_USAGE = YES_ERROR;
				CLANG_WARN_DOCUMENTATION_COMMENTS = YES;
				CLANG_WARN_EMPTY_BODY = YES;
				CLANG_WARN_ENUM_CONVERSION = YES;
				CLANG_WARN_INFINITE_RECURSION = YES;
				CLANG_WARN_INT_CONVERSION = YES;
				CLANG_WARN_NON_LITERAL_NULL_CONVERSION = YES;
				CLANG_WARN_OBJC_LITERAL_CONVERSION = YES;
				CLANG_WARN_OBJC_ROOT_CLASS = YES_ERROR;
				CLANG_WARN_RANGE_LOOP_ANALYSIS = YES;
				CLANG_WARN_STRICT_PROTOTYPES = YES;
				CLANG_WARN_SUSPICIOUS_MOVE = YES;
				CLANG_WARN_UNGUARDED_AVAILABILITY = YES_AGGRESSIVE;
				CLANG_WARN_UNREACHABLE_CODE = YES;
				CLANG_WARN__DUPLICATE_METHOD_MATCH = YES;
				CODE_SIGN_IDENTITY = "iPhone Developer";
				COPY_PHASE_STRIP = NO;
				DEBUG_INFORMATION_FORMAT = dwarf;
				ENABLE_STRICT_OBJC_MSGSEND = YES;
				ENABLE_TESTABILITY = YES;
				GCC_C_LANGUAGE_STANDARD = gnu11;
				GCC_DYNAMIC_NO_PIC = NO;
				GCC_NO_COMMON_BLOCKS = YES;
				GCC_OPTIMIZATION_LEVEL = 0;
				GCC_PREPROCESSOR_DEFINITIONS = (
					"DEBUG=1",
					"$(inherited)",
				);
				GCC_WARN_64_TO_32_BIT_CONVERSION = YES;
				GCC_WARN_ABOUT_RETURN_TYPE = YES_ERROR;
				GCC_WARN_UNDECLARED_SELECTOR = YES;
				GCC_WARN_UNINITIALIZED_AUTOS = YES_AGGRESSIVE;
				GCC_WARN_UNUSED_FUNCTION = YES;
				GCC_WARN_UNUSED_VARIABLE = YES;
				IPHONEOS_DEPLOYMENT_TARGET = 11.2;
				MTL_ENABLE_DEBUG_INFO = YES;
				ONLY_ACTIVE_ARCH = YES;
				SDKROOT = iphoneos;
				SWIFT_ACTIVE_COMPILATION_CONDITIONS = DEBUG;
				SWIFT_OPTIMIZATION_LEVEL = "-Onone";
			};
			name = Debug;
		};
		800D55AF22F0F30C00848BBB /* Release */ = {
			isa = XCBuildConfiguration;
			buildSettings = {
				ALWAYS_SEARCH_USER_PATHS = NO;
				CLANG_ANALYZER_NONNULL = YES;
				CLANG_ANALYZER_NUMBER_OBJECT_CONVERSION = YES_AGGRESSIVE;
				CLANG_CXX_LANGUAGE_STANDARD = "gnu++14";
				CLANG_CXX_LIBRARY = "libc++";
				CLANG_ENABLE_MODULES = YES;
				CLANG_ENABLE_OBJC_ARC = YES;
				CLANG_WARN_BLOCK_CAPTURE_AUTORELEASING = YES;
				CLANG_WARN_BOOL_CONVERSION = YES;
				CLANG_WARN_COMMA = YES;
				CLANG_WARN_CONSTANT_CONVERSION = YES;
				CLANG_WARN_DIRECT_OBJC_ISA_USAGE = YES_ERROR;
				CLANG_WARN_DOCUMENTATION_COMMENTS = YES;
				CLANG_WARN_EMPTY_BODY = YES;
				CLANG_WARN_ENUM_CONVERSION = YES;
				CLANG_WARN_INFINITE_RECURSION = YES;
				CLANG_WARN_INT_CONVERSION = YES;
				CLANG_WARN_NON_LITERAL_NULL_CONVERSION = YES;
				CLANG_WARN_OBJC_LITERAL_CONVERSION = YES;
				CLANG_WARN_OBJC_ROOT_CLASS = YES_ERROR;
				CLANG_WARN_RANGE_LOOP_ANALYSIS = YES;
				CLANG_WARN_STRICT_PROTOTYPES = YES;
				CLANG_WARN_SUSPICIOUS_MOVE = YES;
				CLANG_WARN_UNGUARDED_AVAILABILITY = YES_AGGRESSIVE;
				CLANG_WARN_UNREACHABLE_CODE = YES;
				CLANG_WARN__DUPLICATE_METHOD_MATCH = YES;
				CODE_SIGN_IDENTITY = "iPhone Developer";
				COPY_PHASE_STRIP = NO;
				DEBUG_INFORMATION_FORMAT = "dwarf-with-dsym";
				ENABLE_NS_ASSERTIONS = NO;
				ENABLE_STRICT_OBJC_MSGSEND = YES;
				GCC_C_LANGUAGE_STANDARD = gnu11;
				GCC_NO_COMMON_BLOCKS = YES;
				GCC_WARN_64_TO_32_BIT_CONVERSION = YES;
				GCC_WARN_ABOUT_RETURN_TYPE = YES_ERROR;
				GCC_WARN_UNDECLARED_SELECTOR = YES;
				GCC_WARN_UNINITIALIZED_AUTOS = YES_AGGRESSIVE;
				GCC_WARN_UNUSED_FUNCTION = YES;
				GCC_WARN_UNUSED_VARIABLE = YES;
				IPHONEOS_DEPLOYMENT_TARGET = 11.2;
				MTL_ENABLE_DEBUG_INFO = NO;
				SDKROOT = iphoneos;
				SWIFT_OPTIMIZATION_LEVEL = "-Owholemodule";
				VALIDATE_PRODUCT = YES;
			};
			name = Release;
		};
		800D55B122F0F30C00848BBB /* Debug */ = {
			isa = XCBuildConfiguration;
			buildSettings = {
				ASSETCATALOG_COMPILER_APPICON_NAME = AppIcon;
				CODE_SIGN_STYLE = Automatic;
				INFOPLIST_FILE = "Night Porter Application/Info.plist";
				LD_RUNPATH_SEARCH_PATHS = "$(inherited) @executable_path/Frameworks";
				PRODUCT_BUNDLE_IDENTIFIER = "com.example.Night-Porter-Application";
				PRODUCT_NAME = "$(TARGET_NAME)";
				SWIFT_VERSION = 4.0;
				TARGETED_DEVICE_FAMILY = "1,2";
			};
			name = Debug;
		};
		800D55B222F0F30C00848BBB /* Release */ = {
			isa = XCBuildConfiguration;
			buildSettings = {
				ASSETCATALOG_COMPILER_APPICON_NAME = AppIcon;
				CODE_SIGN_STYLE = Automatic;
				INFOPLIST_FILE = "Night Porter Application/Info.plist";
				LD_RUNPATH_SEARCH_PATHS = "$(inherited) @executable_path/Frameworks";
				PRODUCT_BUNDLE_IDENTIFIER = "com.example.Night-Porter-Application";
				PRODUCT_NAME = "$(TARGET_NAME)";
				SWIFT_VERSION = 4.0;
				TARGETED_DEVICE_FAMILY = "1,2";
			};
			name = Release;
		};
/* End XCBuildConfiguration section */

/* Begin XCConfigurationList section */
		800D559922F0F30B00848BBB /* Build configuration list for PBXProject "Night Porter Application" */ = {
			isa = XCConfigurationList;
			buildConfigurations = (
				800D55AE22F0F30C00848BBB /* Debug */,
				800D55AF22F0F30C00848BBB /* Release */,
			);
			defaultConfigurationIsVisible = 0;
			defaultConfigurationName = Release;
		};
		800D55B022F0F30C00848BBB /* Build configuration list for PBXNativeTarget "Night Porter Application" */ = {
			isa = XCConfigurationList;
			buildConfigurations = (
				800D55B122F0F30C00848BBB /* Debug */,
				800D55B222F0F30C00848BBB /* Release */,
			);
			defaultConfigurationIsVisible = 0;
			defaultConfigurationName = Release;
		};
/* End XCConfigurationList section */
	};
	rootObject = 800D559622F0F30B00848BBB /* Project object */;
}
